
Microsoft Visual Studio Solution File, Format Version 12.00
# Visual Studio Version 17
VisualStudioVersion = 17.14.36915.13 d17.14
MinimumVisualStudioVersion = 10.0.40219.1
Project("{FAE04EC0-301F-11D3-BF4B-00C04F79EFBC}") = "M17E_ProjectLojaSkins", "M17E_ProjectLojaSkins\M17E_ProjectLojaSkins.csproj", "{23F48A7E-8B83-4EC9-975B-8C52D753AD3F}"
EndProject
Global
	GlobalSection(SolutionConfigurationPlatforms) = preSolution
		Debug|Any CPU = Debug|Any CPU
		Release|Any CPU = Release|Any CPU
	EndGlobalSection
	GlobalSection(ProjectConfigurationPlatforms) = postSolution
		{23F48A7E-8B83-4EC9-975B-8C52D753AD3F}.Debug|Any CPU.ActiveCfg = Debug|Any CPU
		{23F48A7E-8B83-4EC9-975B-8C52D753AD3F}.Debug|Any CPU.Build.0 = Debug|Any CPU
		{23F48A7E-8B83-4EC9-975B-8C52D753AD3F}.Release|Any CPU.ActiveCfg = Release|Any CPU
		{23F48A7E-8B83-4EC9-975B-8C52D753AD3F}.Release|Any CPU.Build.0 = Release|Any CPU
	EndGlobalSection
	GlobalSection(SolutionProperties) = preSolution
		HideSolutionNode = FALSE
	EndGlobalSection
	GlobalSection(ExtensibilityGlobals) = postSolution
		SolutionGuid = {E5ADEAE4-63F4-4C96-ABCD-ED9BD176DE39}
	EndGlobalSection
EndGlobal
